[[package]]
name = "cbor-lite"
version = "0.1.1"
source = "registry+https://github.com/rust-lang/crates.io-index"

[[package]]
name = "wasm-rpc"
version = "0.1.2"
dependencies = [
 "cbor-lite 0.1.1 (registry+https://github.com/rust-lang/crates.io-index)",
]

[metadata]
"checksum cbor-lite 0.1.1 (registry+https://github.com/rust-lang/crates.io-index)" = "64053671054392fb7fcd5eef126fbe1bf48687e64510b3f59df4376f8b58aa65"
