# This file is automatically @generated by Cargo.
# It is not intended for manual editing.
[[package]]
name = "byteorder"
version = "1.3.1"
source = "registry+https://github.com/rust-lang/crates.io-index"
checksum = "a019b10a2a7cdeb292db131fc8113e57ea2a908f6e7894b0c3c671893b65dbeb"

[[package]]
name = "cfg-if"
version = "0.1.5"
source = "registry+https://github.com/rust-lang/crates.io-index"
checksum = "0c4e7bb64a8ebb0d856483e1e682ea3422f883c5f5615a90d51a2c82fe87fdd3"

[[package]]
name = "complex_arguments"
version = "0.1.0"
dependencies = [
 "serde_cbor 0.9.0 (git+https://github.com/chrysn-pull-requests/cbor)",
 "wasm-rpc 0.2.9",
 "wasm-rpc-macros 0.2.9",
 "wee_alloc 0.4.2 (git+https://github.com/rustwasm/wee_alloc)",
]

[[package]]
name = "error_handler"
version = "0.1.0"
dependencies = [
 "wasm-rpc 0.2.18",
 "wasm-rpc-macros 0.2.17",
]

[[package]]
name = "half"
version = "1.3.0"
source = "registry+https://github.com/rust-lang/crates.io-index"
checksum = "9353c2a89d550b58fa0061d8ed8d002a7d8cdf2494eb0e432859bd3a9e543836"

[[package]]
name = "lazy_static"
version = "1.4.0"
source = "registry+https://github.com/rust-lang/crates.io-index"
checksum = "e2abad23fbc42b3700f2f279844dc832adb2b2eb069b2df918f455c4e18cc646"

[[package]]
name = "libc"
version = "0.2.43"
source = "registry+https://github.com/rust-lang/crates.io-index"
checksum = "76e3a3ef172f1a0b9a9ff0dd1491ae5e6c948b94479a3021819ba7d860c8645d"

[[package]]
name = "memory_units"
version = "0.4.0"
source = "registry+https://github.com/rust-lang/crates.io-index"
checksum = "8452105ba047068f40ff7093dd1d9da90898e63dd61736462e9cdda6a90ad3c3"

[[package]]
name = "proc-macro2"
version = "0.4.30"
source = "registry+https://github.com/rust-lang/crates.io-index"
checksum = "cf3d2011ab5c909338f7887f4fc896d35932e29146c12c8d01da6b22a80ba759"
dependencies = [
 "unicode-xid 0.1.0",
]

[[package]]
name = "proc-macro2"
version = "1.0.18"
source = "registry+https://github.com/rust-lang/crates.io-index"
checksum = "beae6331a816b1f65d04c45b078fd8e6c93e8071771f41b8163255bbd8d7c8fa"
dependencies = [
 "unicode-xid 0.2.1",
]

[[package]]
name = "quote"
version = "0.6.12"
source = "registry+https://github.com/rust-lang/crates.io-index"
checksum = "faf4799c5d274f3868a4aae320a0a182cbd2baee377b378f080e16a23e9d80db"
dependencies = [
 "proc-macro2 0.4.30",
]

[[package]]
name = "quote"
version = "1.0.7"
source = "registry+https://github.com/rust-lang/crates.io-index"
checksum = "aa563d17ecb180e500da1cfd2b028310ac758de548efdd203e18f283af693f37"
dependencies = [
 "proc-macro2 1.0.18",
]

[[package]]
name = "serde"
version = "1.0.114"
source = "registry+https://github.com/rust-lang/crates.io-index"
checksum = "5317f7588f0a5078ee60ef675ef96735a1442132dc645eb1d12c018620ed8cd3"
dependencies = [
 "serde_derive",
]

[[package]]
name = "serde_bytes"
version = "0.11.5"
source = "registry+https://github.com/rust-lang/crates.io-index"
checksum = "16ae07dd2f88a366f15bd0632ba725227018c69a1c8550a927324f8eb8368bb9"
dependencies = [
 "serde",
]

[[package]]
name = "serde_cbor"
version = "0.9.0"
source = "registry+https://github.com/rust-lang/crates.io-index"
checksum = "45cd6d95391b16cd57e88b68be41d504183b7faae22030c0cc3b3f73dd57b2fd"
dependencies = [
 "byteorder",
 "half",
 "serde",
]

[[package]]
name = "serde_cbor"
version = "0.9.0"
source = "git+https://github.com/chrysn-pull-requests/cbor#10a644e9b5d1205ebd040ec1c9903f06fd09b8c0"
dependencies = [
 "byteorder",
 "half",
 "serde",
]

[[package]]
name = "serde_cbor"
version = "0.11.1"
source = "registry+https://github.com/rust-lang/crates.io-index"
checksum = "1e18acfa2f90e8b735b2836ab8d538de304cbb6729a7360729ea5a895d15a622"
dependencies = [
 "half",
 "serde",
]

[[package]]
name = "serde_derive"
version = "1.0.114"
source = "registry+https://github.com/rust-lang/crates.io-index"
checksum = "2a0be94b04690fbaed37cddffc5c134bf537c8e3329d53e982fe04c374978f8e"
dependencies = [
 "proc-macro2 1.0.18",
 "quote 1.0.7",
 "syn 1.0.33",
]

[[package]]
name = "snap"
version = "0.2.5"
source = "registry+https://github.com/rust-lang/crates.io-index"
checksum = "95d697d63d44ad8b78b8d235bf85b34022a78af292c8918527c5f0cffdde7f43"
dependencies = [
 "byteorder",
 "lazy_static",
]

[[package]]
name = "syn"
version = "0.14.9"
source = "registry+https://github.com/rust-lang/crates.io-index"
checksum = "261ae9ecaa397c42b960649561949d69311f08eeaea86a65696e6e46517cf741"
dependencies = [
 "proc-macro2 0.4.30",
 "quote 0.6.12",
 "unicode-xid 0.1.0",
]

[[package]]
name = "syn"
version = "1.0.33"
source = "registry+https://github.com/rust-lang/crates.io-index"
checksum = "e8d5d96e8cbb005d6959f119f773bfaebb5684296108fb32600c00cde305b2cd"
dependencies = [
 "proc-macro2 1.0.18",
 "quote 1.0.7",
 "unicode-xid 0.2.1",
]

[[package]]
name = "unicode-xid"
version = "0.1.0"
source = "registry+https://github.com/rust-lang/crates.io-index"
checksum = "fc72304796d0818e357ead4e000d19c9c174ab23dc11093ac919054d20a6a7fc"

[[package]]
name = "unicode-xid"
version = "0.2.1"
source = "registry+https://github.com/rust-lang/crates.io-index"
checksum = "f7fe0bb3479651439c9112f72b6c505038574c9fbb575ed1bf3b797fa39dd564"

[[package]]
name = "unreachable"
version = "1.0.0"
source = "registry+https://github.com/rust-lang/crates.io-index"
checksum = "382810877fe448991dfc7f0dd6e3ae5d58088fd0ea5e35189655f84e6814fa56"
dependencies = [
 "void",
]

[[package]]
name = "void"
version = "1.0.2"
source = "registry+https://github.com/rust-lang/crates.io-index"
checksum = "6a02e4885ed3bc0f2de90ea6dd45ebcbb66dacffe03547fadbb0eeae2770887d"

[[package]]
name = "wasm-rpc"
version = "0.2.9"
source = "registry+https://github.com/rust-lang/crates.io-index"
checksum = "17977b0313ddf93f4ce0d8dd95a8a5c69d64d1522d19c3caa998d160e747ca55"
dependencies = [
 "serde_cbor 0.9.0 (registry+https://github.com/rust-lang/crates.io-index)",
 "wee_alloc 0.4.2 (registry+https://github.com/rust-lang/crates.io-index)",
]

[[package]]
name = "wasm-rpc"
version = "0.2.18"
dependencies = [
 "serde",
 "serde_bytes",
 "serde_cbor 0.11.1",
]

[[package]]
name = "wasm-rpc-macros"
version = "0.2.9"
source = "registry+https://github.com/rust-lang/crates.io-index"
checksum = "a1154de75f3792b7686e04d7260e94a0adb3d59755a3e524aa106f0463716a2a"
dependencies = [
 "proc-macro2 0.4.30",
 "quote 0.6.12",
 "syn 0.14.9",
]

[[package]]
name = "wasm-rpc-macros"
version = "0.2.17"
dependencies = [
 "proc-macro2 1.0.18",
 "quote 1.0.7",
 "syn 1.0.33",
]

[[package]]
name = "wasm_snappy"
version = "0.1.0"
dependencies = [
 "snap",
 "wasm-rpc 0.2.18",
 "wasm-rpc-macros 0.2.17",
]

[[package]]
name = "wee_alloc"
version = "0.4.2"
source = "registry+https://github.com/rust-lang/crates.io-index"
checksum = "27875be1daf838fa18f3e94fd19fd12638e34615b42f56da2610c8f46be80cc6"
dependencies = [
 "cfg-if",
 "libc",
 "memory_units",
 "unreachable",
 "winapi",
]

[[package]]
name = "wee_alloc"
version = "0.4.2"
source = "git+https://github.com/rustwasm/wee_alloc#4b12054586ff8f9c61cbbcf66e14eec32704180a"
dependencies = [
 "cfg-if",
 "libc",
 "memory_units",
 "unreachable",
 "winapi",
]

[[package]]
name = "winapi"
version = "0.3.5"
source = "registry+https://github.com/rust-lang/crates.io-index"
checksum = "773ef9dcc5f24b7d850d0ff101e542ff24c3b090a9768e03ff889fdef41f00fd"
dependencies = [
 "winapi-i686-pc-windows-gnu",
 "winapi-x86_64-pc-windows-gnu",
]

[[package]]
name = "winapi-i686-pc-windows-gnu"
version = "0.4.0"
source = "registry+https://github.com/rust-lang/crates.io-index"
checksum = "ac3b87c63620426dd9b991e5ce0329eff545bccbbb34f3be09ff6fb6ab51b7b6"

[[package]]
name = "winapi-x86_64-pc-windows-gnu"
version = "0.4.0"
source = "registry+https://github.com/rust-lang/crates.io-index"
checksum = "712e227841d057c1ee1cd2fb22fa7e5a5461ae8e48fa2ca79ec42cfc1931183f"
